// !$*UTF8*$!
{
	archiveVersion = 1;
	classes = {
	};
	objectVersion = 48;
	objects = {

/* Begin PBXBuildFile section */
		4B241B411F830EC6009F716A /* PictureListCell.xib in Resources */ = {isa = PBXBuildFile; fileRef = 4B241B401F830EC6009F716A /* PictureListCell.xib */; };
		4B4F9A711F9825830046B289 /* VideoListCell.xib in Resources */ = {isa = PBXBuildFile; fileRef = 4B4F9A701F9825830046B289 /* VideoListCell.xib */; };
		4B4F9A731F9826EE0046B289 /* VideoListViewController.swift in Sources */ = {isa = PBXBuildFile; fileRef = 4B4F9A721F9826EE0046B289 /* VideoListViewController.swift */; };
		4B4F9A751F9827CF0046B289 /* VideoListCell.swift in Sources */ = {isa = PBXBuildFile; fileRef = 4B4F9A741F9827CF0046B289 /* VideoListCell.swift */; };
		4B4F9A771F9831240046B289 /* VideoPlayerViewController.swift in Sources */ = {isa = PBXBuildFile; fileRef = 4B4F9A761F9831240046B289 /* VideoPlayerViewController.swift */; };
		4B4F9A781F984F5C0046B289 /* LocalStorage.swift in Sources */ = {isa = PBXBuildFile; fileRef = 4B58230E1F7DC2EE005DDA03 /* LocalStorage.swift */; };
		4B5822F81F7DC218005DDA03 /* AppDelegate.swift in Sources */ = {isa = PBXBuildFile; fileRef = 4B5822F71F7DC218005DDA03 /* AppDelegate.swift */; };
		4B5822FA1F7DC218005DDA03 /* MakePictureViewController.swift in Sources */ = {isa = PBXBuildFile; fileRef = 4B5822F91F7DC218005DDA03 /* MakePictureViewController.swift */; };
		4B5822FC1F7DC218005DDA03 /* SecondViewController.swift in Sources */ = {isa = PBXBuildFile; fileRef = 4B5822FB1F7DC218005DDA03 /* SecondViewController.swift */; };
		4B5822FF1F7DC218005DDA03 /* Main.storyboard in Resources */ = {isa = PBXBuildFile; fileRef = 4B5822FD1F7DC218005DDA03 /* Main.storyboard */; };
		4B5823011F7DC218005DDA03 /* Assets.xcassets in Resources */ = {isa = PBXBuildFile; fileRef = 4B5823001F7DC218005DDA03 /* Assets.xcassets */; };
		4B5823041F7DC218005DDA03 /* LaunchScreen.storyboard in Resources */ = {isa = PBXBuildFile; fileRef = 4B5823021F7DC218005DDA03 /* LaunchScreen.storyboard */; };
		4B58237E1F7DD60F005DDA03 /* FSAlbumView.swift in Sources */ = {isa = PBXBuildFile; fileRef = 4B5823711F7DD604005DDA03 /* FSAlbumView.swift */; };
		4B58237F1F7DD612005DDA03 /* Assets.xcassets in Resources */ = {isa = PBXBuildFile; fileRef = 4B5823701F7DD604005DDA03 /* Assets.xcassets */; };
		4B5823801F7DD618005DDA03 /* FSAlbumView.xib in Resources */ = {isa = PBXBuildFile; fileRef = 4B5823721F7DD604005DDA03 /* FSAlbumView.xib */; };
		4B5823811F7DD61F005DDA03 /* FSAlbumViewCell.swift in Sources */ = {isa = PBXBuildFile; fileRef = 4B5823731F7DD604005DDA03 /* FSAlbumViewCell.swift */; };
		4B5823821F7DD622005DDA03 /* FSAlbumViewCell.xib in Resources */ = {isa = PBXBuildFile; fileRef = 4B5823741F7DD604005DDA03 /* FSAlbumViewCell.xib */; };
		4B5823831F7DD627005DDA03 /* FSCameraView.swift in Sources */ = {isa = PBXBuildFile; fileRef = 4B5823751F7DD604005DDA03 /* FSCameraView.swift */; };
		4B5823841F7DD62A005DDA03 /* FSCameraView.xib in Resources */ = {isa = PBXBuildFile; fileRef = 4B5823761F7DD604005DDA03 /* FSCameraView.xib */; };
		4B5823851F7DD62D005DDA03 /* FSConstants.swift in Sources */ = {isa = PBXBuildFile; fileRef = 4B5823771F7DD604005DDA03 /* FSConstants.swift */; };
		4B5823861F7DD630005DDA03 /* FSImageCropView.swift in Sources */ = {isa = PBXBuildFile; fileRef = 4B5823781F7DD604005DDA03 /* FSImageCropView.swift */; };
		4B5823871F7DD632005DDA03 /* FSVideoCameraView.swift in Sources */ = {isa = PBXBuildFile; fileRef = 4B5823791F7DD604005DDA03 /* FSVideoCameraView.swift */; };
		4B5823881F7DD635005DDA03 /* FSVideoCameraView.xib in Resources */ = {isa = PBXBuildFile; fileRef = 4B58237A1F7DD604005DDA03 /* FSVideoCameraView.xib */; };
		4B5823891F7DD638005DDA03 /* FusumaViewController.swift in Sources */ = {isa = PBXBuildFile; fileRef = 4B58237B1F7DD604005DDA03 /* FusumaViewController.swift */; };
		4B58238A1F7DD63A005DDA03 /* FusumaViewController.swift.orig in Resources */ = {isa = PBXBuildFile; fileRef = 4B58237C1F7DD604005DDA03 /* FusumaViewController.swift.orig */; };
		4B58238B1F7DD63D005DDA03 /* FusumaViewController.xib in Resources */ = {isa = PBXBuildFile; fileRef = 4B58237D1F7DD604005DDA03 /* FusumaViewController.xib */; };
		4B9DF4981F80A1EC00577A0F /* SplashViewController.swift in Sources */ = {isa = PBXBuildFile; fileRef = 4B9DF4971F80A1EC00577A0F /* SplashViewController.swift */; };
		4B9DF49A1F80A28D00577A0F /* MainTabsViewController.swift in Sources */ = {isa = PBXBuildFile; fileRef = 4B9DF4991F80A28D00577A0F /* MainTabsViewController.swift */; };
		4B9DF49D1F80AB1C00577A0F /* FrameCellCollectionViewCell.swift in Sources */ = {isa = PBXBuildFile; fileRef = 4B9DF49C1F80AB1C00577A0F /* FrameCellCollectionViewCell.swift */; };
		4BB1C1C61F96E73800906E21 /* Constants.swift in Sources */ = {isa = PBXBuildFile; fileRef = 4BB1C1C51F96E73800906E21 /* Constants.swift */; };
		4BB1C1C81F96ECD300906E21 /* YoutubeVideo.swift in Sources */ = {isa = PBXBuildFile; fileRef = 4BB1C1C71F96ECD300906E21 /* YoutubeVideo.swift */; };
		4BB23E471F7F488300F43598 /* Extensions.swift in Sources */ = {isa = PBXBuildFile; fileRef = 4B5823111F7DC2EE005DDA03 /* Extensions.swift */; };
		4BE6E2151F81AE61005E1359 /* BaseViewController.swift in Sources */ = {isa = PBXBuildFile; fileRef = 4BE6E2141F81AE61005E1359 /* BaseViewController.swift */; };
		4BE6E2171F81B30B005E1359 /* BaseTabBarViewController.swift in Sources */ = {isa = PBXBuildFile; fileRef = 4BE6E2161F81B30B005E1359 /* BaseTabBarViewController.swift */; };
		4BE6E2191F81B3A1005E1359 /* PictureListViewController.swift in Sources */ = {isa = PBXBuildFile; fileRef = 4BE6E2181F81B3A1005E1359 /* PictureListViewController.swift */; };
		4BE6E21B1F81CA00005E1359 /* PictureListCell.swift in Sources */ = {isa = PBXBuildFile; fileRef = 4BE6E21A1F81CA00005E1359 /* PictureListCell.swift */; };
		4BE6E21D1F81CD8A005E1359 /* StarshipHeader.xib in Resources */ = {isa = PBXBuildFile; fileRef = 4BE6E21C1F81CD8A005E1359 /* StarshipHeader.xib */; };
		4BE6E2231F81E808005E1359 /* ParallaxCustomHeader.swift in Sources */ = {isa = PBXBuildFile; fileRef = 4BE6E2221F81E808005E1359 /* ParallaxCustomHeader.swift */; };
		4BEE81601F8339200056062B /* Picture.swift in Sources */ = {isa = PBXBuildFile; fileRef = 4BEE815F1F8339200056062B /* Picture.swift */; };
		4BEE81611F834C0F0056062B /* CustomUITapGesture.swift in Sources */ = {isa = PBXBuildFile; fileRef = 4B58230F1F7DC2EE005DDA03 /* CustomUITapGesture.swift */; };
		BED8939CE34A0FFFA230CE7E /* Pods_entunombre.framework in Frameworks */ = {isa = PBXBuildFile; fileRef = B54191BB89C53758B4450EE7 /* Pods_entunombre.framework */; };
/* End PBXBuildFile section */

/* Begin PBXFileReference section */
		4B241B401F830EC6009F716A /* PictureListCell.xib */ = {isa = PBXFileReference; lastKnownFileType = file.xib; path = PictureListCell.xib; sourceTree = "<group>"; };
		4B4F9A701F9825830046B289 /* VideoListCell.xib */ = {isa = PBXFileReference; lastKnownFileType = file.xib; path = VideoListCell.xib; sourceTree = "<group>"; };
		4B4F9A721F9826EE0046B289 /* VideoListViewController.swift */ = {isa = PBXFileReference; lastKnownFileType = sourcecode.swift; path = VideoListViewController.swift; sourceTree = "<group>"; };
		4B4F9A741F9827CF0046B289 /* VideoListCell.swift */ = {isa = PBXFileReference; lastKnownFileType = sourcecode.swift; path = VideoListCell.swift; sourceTree = "<group>"; };
		4B4F9A761F9831240046B289 /* VideoPlayerViewController.swift */ = {isa = PBXFileReference; lastKnownFileType = sourcecode.swift; path = VideoPlayerViewController.swift; sourceTree = "<group>"; };
		4B5822F41F7DC218005DDA03 /* entunombre.app */ = {isa = PBXFileReference; explicitFileType = wrapper.application; includeInIndex = 0; path = entunombre.app; sourceTree = BUILT_PRODUCTS_DIR; };
		4B5822F71F7DC218005DDA03 /* AppDelegate.swift */ = {isa = PBXFileReference; lastKnownFileType = sourcecode.swift; path = AppDelegate.swift; sourceTree = "<group>"; };
		4B5822F91F7DC218005DDA03 /* MakePictureViewController.swift */ = {isa = PBXFileReference; lastKnownFileType = sourcecode.swift; path = MakePictureViewController.swift; sourceTree = "<group>"; };
		4B5822FB1F7DC218005DDA03 /* SecondViewController.swift */ = {isa = PBXFileReference; lastKnownFileType = sourcecode.swift; path = SecondViewController.swift; sourceTree = "<group>"; };
		4B5822FE1F7DC218005DDA03 /* Base */ = {isa = PBXFileReference; lastKnownFileType = file.storyboard; name = Base; path = Base.lproj/Main.storyboard; sourceTree = "<group>"; };
		4B5823001F7DC218005DDA03 /* Assets.xcassets */ = {isa = PBXFileReference; lastKnownFileType = folder.assetcatalog; path = Assets.xcassets; sourceTree = "<group>"; };
		4B5823031F7DC218005DDA03 /* Base */ = {isa = PBXFileReference; lastKnownFileType = file.storyboard; name = Base; path = Base.lproj/LaunchScreen.storyboard; sourceTree = "<group>"; };
		4B5823051F7DC218005DDA03 /* Info.plist */ = {isa = PBXFileReference; lastKnownFileType = text.plist.xml; path = Info.plist; sourceTree = "<group>"; };
		4B58230E1F7DC2EE005DDA03 /* LocalStorage.swift */ = {isa = PBXFileReference; lastKnownFileType = sourcecode.swift; path = LocalStorage.swift; sourceTree = "<group>"; };
		4B58230F1F7DC2EE005DDA03 /* CustomUITapGesture.swift */ = {isa = PBXFileReference; lastKnownFileType = sourcecode.swift; path = CustomUITapGesture.swift; sourceTree = "<group>"; };
		4B5823111F7DC2EE005DDA03 /* Extensions.swift */ = {isa = PBXFileReference; lastKnownFileType = sourcecode.swift; path = Extensions.swift; sourceTree = "<group>"; };
		4B5823121F7DC2EE005DDA03 /* Helpers.swift */ = {isa = PBXFileReference; lastKnownFileType = sourcecode.swift; path = Helpers.swift; sourceTree = "<group>"; };
		4B5823701F7DD604005DDA03 /* Assets.xcassets */ = {isa = PBXFileReference; lastKnownFileType = folder.assetcatalog; path = Assets.xcassets; sourceTree = "<group>"; };
		4B5823711F7DD604005DDA03 /* FSAlbumView.swift */ = {isa = PBXFileReference; lastKnownFileType = sourcecode.swift; path = FSAlbumView.swift; sourceTree = "<group>"; };
		4B5823721F7DD604005DDA03 /* FSAlbumView.xib */ = {isa = PBXFileReference; lastKnownFileType = file.xib; path = FSAlbumView.xib; sourceTree = "<group>"; };
		4B5823731F7DD604005DDA03 /* FSAlbumViewCell.swift */ = {isa = PBXFileReference; lastKnownFileType = sourcecode.swift; path = FSAlbumViewCell.swift; sourceTree = "<group>"; };
		4B5823741F7DD604005DDA03 /* FSAlbumViewCell.xib */ = {isa = PBXFileReference; lastKnownFileType = file.xib; path = FSAlbumViewCell.xib; sourceTree = "<group>"; };
		4B5823751F7DD604005DDA03 /* FSCameraView.swift */ = {isa = PBXFileReference; lastKnownFileType = sourcecode.swift; path = FSCameraView.swift; sourceTree = "<group>"; };
		4B5823761F7DD604005DDA03 /* FSCameraView.xib */ = {isa = PBXFileReference; lastKnownFileType = file.xib; path = FSCameraView.xib; sourceTree = "<group>"; };
		4B5823771F7DD604005DDA03 /* FSConstants.swift */ = {isa = PBXFileReference; lastKnownFileType = sourcecode.swift; path = FSConstants.swift; sourceTree = "<group>"; };
		4B5823781F7DD604005DDA03 /* FSImageCropView.swift */ = {isa = PBXFileReference; lastKnownFileType = sourcecode.swift; path = FSImageCropView.swift; sourceTree = "<group>"; };
		4B5823791F7DD604005DDA03 /* FSVideoCameraView.swift */ = {isa = PBXFileReference; lastKnownFileType = sourcecode.swift; path = FSVideoCameraView.swift; sourceTree = "<group>"; };
		4B58237A1F7DD604005DDA03 /* FSVideoCameraView.xib */ = {isa = PBXFileReference; lastKnownFileType = file.xib; path = FSVideoCameraView.xib; sourceTree = "<group>"; };
		4B58237B1F7DD604005DDA03 /* FusumaViewController.swift */ = {isa = PBXFileReference; lastKnownFileType = sourcecode.swift; path = FusumaViewController.swift; sourceTree = "<group>"; };
		4B58237C1F7DD604005DDA03 /* FusumaViewController.swift.orig */ = {isa = PBXFileReference; lastKnownFileType = text; path = FusumaViewController.swift.orig; sourceTree = "<group>"; };
		4B58237D1F7DD604005DDA03 /* FusumaViewController.xib */ = {isa = PBXFileReference; lastKnownFileType = file.xib; path = FusumaViewController.xib; sourceTree = "<group>"; };
		4B9DF4971F80A1EC00577A0F /* SplashViewController.swift */ = {isa = PBXFileReference; lastKnownFileType = sourcecode.swift; path = SplashViewController.swift; sourceTree = "<group>"; };
		4B9DF4991F80A28D00577A0F /* MainTabsViewController.swift */ = {isa = PBXFileReference; lastKnownFileType = sourcecode.swift; path = MainTabsViewController.swift; sourceTree = "<group>"; };
		4B9DF49C1F80AB1C00577A0F /* FrameCellCollectionViewCell.swift */ = {isa = PBXFileReference; lastKnownFileType = sourcecode.swift; path = FrameCellCollectionViewCell.swift; sourceTree = "<group>"; };
		4BB1C1C51F96E73800906E21 /* Constants.swift */ = {isa = PBXFileReference; lastKnownFileType = sourcecode.swift; path = Constants.swift; sourceTree = "<group>"; };
		4BB1C1C71F96ECD300906E21 /* YoutubeVideo.swift */ = {isa = PBXFileReference; lastKnownFileType = sourcecode.swift; path = YoutubeVideo.swift; sourceTree = "<group>"; };
		4BE6E2141F81AE61005E1359 /* BaseViewController.swift */ = {isa = PBXFileReference; lastKnownFileType = sourcecode.swift; path = BaseViewController.swift; sourceTree = "<group>"; };
		4BE6E2161F81B30B005E1359 /* BaseTabBarViewController.swift */ = {isa = PBXFileReference; lastKnownFileType = sourcecode.swift; path = BaseTabBarViewController.swift; sourceTree = "<group>"; };
		4BE6E2181F81B3A1005E1359 /* PictureListViewController.swift */ = {isa = PBXFileReference; lastKnownFileType = sourcecode.swift; path = PictureListViewController.swift; sourceTree = "<group>"; };
		4BE6E21A1F81CA00005E1359 /* PictureListCell.swift */ = {isa = PBXFileReference; lastKnownFileType = sourcecode.swift; path = PictureListCell.swift; sourceTree = "<group>"; };
		4BE6E21C1F81CD8A005E1359 /* StarshipHeader.xib */ = {isa = PBXFileReference; lastKnownFileType = file.xib; path = StarshipHeader.xib; sourceTree = "<group>"; };
		4BE6E2221F81E808005E1359 /* ParallaxCustomHeader.swift */ = {isa = PBXFileReference; lastKnownFileType = sourcecode.swift; path = ParallaxCustomHeader.swift; sourceTree = "<group>"; };
		4BEE815F1F8339200056062B /* Picture.swift */ = {isa = PBXFileReference; fileEncoding = 4; lastKnownFileType = sourcecode.swift; path = Picture.swift; sourceTree = "<group>"; };
		92AC654C7295781773F6CD49 /* Pods-entunombre.debug.xcconfig */ = {isa = PBXFileReference; includeInIndex = 1; lastKnownFileType = text.xcconfig; name = "Pods-entunombre.debug.xcconfig"; path = "Pods/Target Support Files/Pods-entunombre/Pods-entunombre.debug.xcconfig"; sourceTree = "<group>"; };
		B54191BB89C53758B4450EE7 /* Pods_entunombre.framework */ = {isa = PBXFileReference; explicitFileType = wrapper.framework; includeInIndex = 0; path = Pods_entunombre.framework; sourceTree = BUILT_PRODUCTS_DIR; };
		DFAAA26F6F9448F943090070 /* Pods-entunombre.release.xcconfig */ = {isa = PBXFileReference; includeInIndex = 1; lastKnownFileType = text.xcconfig; name = "Pods-entunombre.release.xcconfig"; path = "Pods/Target Support Files/Pods-entunombre/Pods-entunombre.release.xcconfig"; sourceTree = "<group>"; };
/* End PBXFileReference section */

/* Begin PBXFrameworksBuildPhase section */
		4B5822F11F7DC218005DDA03 /* Frameworks */ = {
			isa = PBXFrameworksBuildPhase;
			buildActionMask = 2147483647;
			files = (
				BED8939CE34A0FFFA230CE7E /* Pods_entunombre.framework in Frameworks */,
			);
			runOnlyForDeploymentPostprocessing = 0;
		};
/* End PBXFrameworksBuildPhase section */

/* Begin PBXGroup section */
		4B5822EB1F7DC218005DDA03 = {
			isa = PBXGroup;
			children = (
				4B5822F61F7DC218005DDA03 /* entunombre */,
				4B5822F51F7DC218005DDA03 /* Products */,
				885ED654D4F90ECD3AF707E6 /* Pods */,
				87734694CAFF706A627BECD5 /* Frameworks */,
			);
			sourceTree = "<group>";
		};
		4B5822F51F7DC218005DDA03 /* Products */ = {
			isa = PBXGroup;
			children = (
				4B5822F41F7DC218005DDA03 /* entunombre.app */,
			);
			name = Products;
			sourceTree = "<group>";
		};
		4B5822F61F7DC218005DDA03 /* entunombre */ = {
			isa = PBXGroup;
			children = (
				4BB1C1C41F96E72A00906E21 /* Network */,
				4BEE815D1F83391F0056062B /* Data */,
				4B5823131F7DC4C2005DDA03 /* Libraries */,
				4B58230D1F7DC2CE005DDA03 /* Helpers */,
				4B58230C1F7DC2C8005DDA03 /* UI */,
				4B58230B1F7DC2BF005DDA03 /* ViewControllers */,
				4B5822F71F7DC218005DDA03 /* AppDelegate.swift */,
				4B5823001F7DC218005DDA03 /* Assets.xcassets */,
				4B5823021F7DC218005DDA03 /* LaunchScreen.storyboard */,
				4B5823051F7DC218005DDA03 /* Info.plist */,
			);
			path = entunombre;
			sourceTree = "<group>";
		};
		4B58230B1F7DC2BF005DDA03 /* ViewControllers */ = {
			isa = PBXGroup;
			children = (
				4BE6E2161F81B30B005E1359 /* BaseTabBarViewController.swift */,
				4BE6E2141F81AE61005E1359 /* BaseViewController.swift */,
				4B9DF4991F80A28D00577A0F /* MainTabsViewController.swift */,
				4B5822F91F7DC218005DDA03 /* MakePictureViewController.swift */,
				4B5822FB1F7DC218005DDA03 /* SecondViewController.swift */,
				4B9DF4971F80A1EC00577A0F /* SplashViewController.swift */,
				4BE6E2181F81B3A1005E1359 /* PictureListViewController.swift */,
				4B4F9A721F9826EE0046B289 /* VideoListViewController.swift */,
				4B4F9A761F9831240046B289 /* VideoPlayerViewController.swift */,
			);
			path = ViewControllers;
			sourceTree = "<group>";
		};
		4B58230C1F7DC2C8005DDA03 /* UI */ = {
			isa = PBXGroup;
			children = (
				4B9DF49B1F80AAF800577A0F /* Widgets */,
				4B5822FD1F7DC218005DDA03 /* Main.storyboard */,
				4BE6E21C1F81CD8A005E1359 /* StarshipHeader.xib */,
				4B241B401F830EC6009F716A /* PictureListCell.xib */,
				4B4F9A701F9825830046B289 /* VideoListCell.xib */,
			);
			path = UI;
			sourceTree = "<group>";
		};
		4B58230D1F7DC2CE005DDA03 /* Helpers */ = {
			isa = PBXGroup;
			children = (
				4B58230F1F7DC2EE005DDA03 /* CustomUITapGesture.swift */,
				4B5823111F7DC2EE005DDA03 /* Extensions.swift */,
				4B5823121F7DC2EE005DDA03 /* Helpers.swift */,
				4B58230E1F7DC2EE005DDA03 /* LocalStorage.swift */,
			);
			path = Helpers;
			sourceTree = "<group>";
		};
		4B5823131F7DC4C2005DDA03 /* Libraries */ = {
			isa = PBXGroup;
			children = (
				4B58236F1F7DD604005DDA03 /* fusuma */,
			);
			path = Libraries;
			sourceTree = "<group>";
		};
		4B58236F1F7DD604005DDA03 /* fusuma */ = {
			isa = PBXGroup;
			children = (
				4B5823701F7DD604005DDA03 /* Assets.xcassets */,
				4B5823711F7DD604005DDA03 /* FSAlbumView.swift */,
				4B5823721F7DD604005DDA03 /* FSAlbumView.xib */,
				4B5823731F7DD604005DDA03 /* FSAlbumViewCell.swift */,
				4B5823741F7DD604005DDA03 /* FSAlbumViewCell.xib */,
				4B5823751F7DD604005DDA03 /* FSCameraView.swift */,
				4B5823761F7DD604005DDA03 /* FSCameraView.xib */,
				4B5823771F7DD604005DDA03 /* FSConstants.swift */,
				4B5823781F7DD604005DDA03 /* FSImageCropView.swift */,
				4B5823791F7DD604005DDA03 /* FSVideoCameraView.swift */,
				4B58237A1F7DD604005DDA03 /* FSVideoCameraView.xib */,
				4B58237B1F7DD604005DDA03 /* FusumaViewController.swift */,
				4B58237C1F7DD604005DDA03 /* FusumaViewController.swift.orig */,
				4B58237D1F7DD604005DDA03 /* FusumaViewController.xib */,
			);
			path = fusuma;
			sourceTree = "<group>";
		};
		4B9DF49B1F80AAF800577A0F /* Widgets */ = {
			isa = PBXGroup;
			children = (
				4B9DF49C1F80AB1C00577A0F /* FrameCellCollectionViewCell.swift */,
				4BE6E21A1F81CA00005E1359 /* PictureListCell.swift */,
				4BE6E2221F81E808005E1359 /* ParallaxCustomHeader.swift */,
				4B4F9A741F9827CF0046B289 /* VideoListCell.swift */,
			);
			path = Widgets;
			sourceTree = "<group>";
		};
		4BB1C1C41F96E72A00906E21 /* Network */ = {
			isa = PBXGroup;
			children = (
				4BB1C1C51F96E73800906E21 /* Constants.swift */,
			);
			path = Network;
			sourceTree = "<group>";
		};
		4BEE815D1F83391F0056062B /* Data */ = {
			isa = PBXGroup;
			children = (
				4BEE815E1F8339200056062B /* Models */,
			);
			path = Data;
			sourceTree = "<group>";
		};
		4BEE815E1F8339200056062B /* Models */ = {
			isa = PBXGroup;
			children = (
				4BEE815F1F8339200056062B /* Picture.swift */,
				4BB1C1C71F96ECD300906E21 /* YoutubeVideo.swift */,
			);
			path = Models;
			sourceTree = "<group>";
		};
		87734694CAFF706A627BECD5 /* Frameworks */ = {
			isa = PBXGroup;
			children = (
				B54191BB89C53758B4450EE7 /* Pods_entunombre.framework */,
			);
			name = Frameworks;
			sourceTree = "<group>";
		};
		885ED654D4F90ECD3AF707E6 /* Pods */ = {
			isa = PBXGroup;
			children = (
				92AC654C7295781773F6CD49 /* Pods-entunombre.debug.xcconfig */,
				DFAAA26F6F9448F943090070 /* Pods-entunombre.release.xcconfig */,
			);
			name = Pods;
			sourceTree = "<group>";
		};
/* End PBXGroup section */

/* Begin PBXNativeTarget section */
		4B5822F31F7DC218005DDA03 /* entunombre */ = {
			isa = PBXNativeTarget;
			buildConfigurationList = 4B5823081F7DC218005DDA03 /* Build configuration list for PBXNativeTarget "entunombre" */;
			buildPhases = (
				3180A37A7FA1E69A86928631 /* [CP] Check Pods Manifest.lock */,
				4B5822F01F7DC218005DDA03 /* Sources */,
				4B5822F11F7DC218005DDA03 /* Frameworks */,
				4B5822F21F7DC218005DDA03 /* Resources */,
				E2321A2F50680B8840098BBF /* [CP] Embed Pods Frameworks */,
				7E95868A1AF686BBBE2E8F91 /* [CP] Copy Pods Resources */,
				4B4F9A791F9851250046B289 /* fabric */,
			);
			buildRules = (
			);
			dependencies = (
			);
			name = entunombre;
			productName = entunombre;
			productReference = 4B5822F41F7DC218005DDA03 /* entunombre.app */;
			productType = "com.apple.product-type.application";
		};
/* End PBXNativeTarget section */

/* Begin PBXProject section */
		4B5822EC1F7DC218005DDA03 /* Project object */ = {
			isa = PBXProject;
			attributes = {
				LastSwiftUpdateCheck = 0900;
				LastUpgradeCheck = 0900;
				ORGANIZATIONNAME = "Dulce Refugio";
				TargetAttributes = {
					4B5822F31F7DC218005DDA03 = {
						CreatedOnToolsVersion = 9.0;
						ProvisioningStyle = Manual;
					};
				};
			};
			buildConfigurationList = 4B5822EF1F7DC218005DDA03 /* Build configuration list for PBXProject "entunombre" */;
			compatibilityVersion = "Xcode 8.0";
			developmentRegion = en;
			hasScannedForEncodings = 0;
			knownRegions = (
				en,
				Base,
			);
			mainGroup = 4B5822EB1F7DC218005DDA03;
			productRefGroup = 4B5822F51F7DC218005DDA03 /* Products */;
			projectDirPath = "";
			projectRoot = "";
			targets = (
				4B5822F31F7DC218005DDA03 /* entunombre */,
			);
		};
/* End PBXProject section */

/* Begin PBXResourcesBuildPhase section */
		4B5822F21F7DC218005DDA03 /* Resources */ = {
			isa = PBXResourcesBuildPhase;
			buildActionMask = 2147483647;
			files = (
				4B4F9A711F9825830046B289 /* VideoListCell.xib in Resources */,
				4BE6E21D1F81CD8A005E1359 /* StarshipHeader.xib in Resources */,
				4B5823801F7DD618005DDA03 /* FSAlbumView.xib in Resources */,
				4B58238A1F7DD63A005DDA03 /* FusumaViewController.swift.orig in Resources */,
				4B5823041F7DC218005DDA03 /* LaunchScreen.storyboard in Resources */,
				4B5823881F7DD635005DDA03 /* FSVideoCameraView.xib in Resources */,
				4B5823841F7DD62A005DDA03 /* FSCameraView.xib in Resources */,
				4B5823011F7DC218005DDA03 /* Assets.xcassets in Resources */,
				4B5823821F7DD622005DDA03 /* FSAlbumViewCell.xib in Resources */,
				4B241B411F830EC6009F716A /* PictureListCell.xib in Resources */,
				4B58237F1F7DD612005DDA03 /* Assets.xcassets in Resources */,
				4B5822FF1F7DC218005DDA03 /* Main.storyboard in Resources */,
				4B58238B1F7DD63D005DDA03 /* FusumaViewController.xib in Resources */,
			);
			runOnlyForDeploymentPostprocessing = 0;
		};
/* End PBXResourcesBuildPhase section */

/* Begin PBXShellScriptBuildPhase section */
		3180A37A7FA1E69A86928631 /* [CP] Check Pods Manifest.lock */ = {
			isa = PBXShellScriptBuildPhase;
			buildActionMask = 2147483647;
			files = (
			);
			inputPaths = (
				"${PODS_PODFILE_DIR_PATH}/Podfile.lock",
				"${PODS_ROOT}/Manifest.lock",
			);
			name = "[CP] Check Pods Manifest.lock";
			outputPaths = (
				"$(DERIVED_FILE_DIR)/Pods-entunombre-checkManifestLockResult.txt",
			);
			runOnlyForDeploymentPostprocessing = 0;
			shellPath = /bin/sh;
			shellScript = "diff \"${PODS_PODFILE_DIR_PATH}/Podfile.lock\" \"${PODS_ROOT}/Manifest.lock\" > /dev/null\nif [ $? != 0 ] ; then\n    # print error to STDERR\n    echo \"error: The sandbox is not in sync with the Podfile.lock. Run 'pod install' or update your CocoaPods installation.\" >&2\n    exit 1\nfi\n# This output is used by Xcode 'outputs' to avoid re-running this script phase.\necho \"SUCCESS\" > \"${SCRIPT_OUTPUT_FILE_0}\"\n";
			showEnvVarsInLog = 0;
		};
		4B4F9A791F9851250046B289 /* fabric */ = {
			isa = PBXShellScriptBuildPhase;
			buildActionMask = 2147483647;
			files = (
			);
			inputPaths = (
			);
			name = fabric;
			outputPaths = (
			);
			runOnlyForDeploymentPostprocessing = 0;
			shellPath = /bin/sh;
			shellScript = "\"${PODS_ROOT}/Fabric/run\" ee228f26ba829e5fbcf79da3f936b6b623717955 383b3d70f6d91a583cd801fbcec46a2361bf0fcb57e1ea01dfdb008a551ac764";
		};
		7E95868A1AF686BBBE2E8F91 /* [CP] Copy Pods Resources */ = {
			isa = PBXShellScriptBuildPhase;
			buildActionMask = 2147483647;
			files = (
			);
			inputPaths = (
			);
			name = "[CP] Copy Pods Resources";
			outputPaths = (
			);
			runOnlyForDeploymentPostprocessing = 0;
			shellPath = /bin/sh;
			shellScript = "\"${SRCROOT}/Pods/Target Support Files/Pods-entunombre/Pods-entunombre-resources.sh\"\n";
			showEnvVarsInLog = 0;
		};
		E2321A2F50680B8840098BBF /* [CP] Embed Pods Frameworks */ = {
			isa = PBXShellScriptBuildPhase;
			buildActionMask = 2147483647;
			files = (
			);
			inputPaths = (
				"${SRCROOT}/Pods/Target Support Files/Pods-entunombre/Pods-entunombre-frameworks.sh",
				"${BUILT_PRODUCTS_DIR}/Alamofire/Alamofire.framework",
				"${BUILT_PRODUCTS_DIR}/AlamofireImage/AlamofireImage.framework",
				"${BUILT_PRODUCTS_DIR}/AlamofireObjectMapper/AlamofireObjectMapper.framework",
				"${BUILT_PRODUCTS_DIR}/AssociatedValues/AssociatedValues.framework",
				"${BUILT_PRODUCTS_DIR}/Cloudinary/Cloudinary.framework",
				"${BUILT_PRODUCTS_DIR}/MXParallaxHeader/MXParallaxHeader.framework",
				"${BUILT_PRODUCTS_DIR}/MaterialShowcase/MaterialShowcase.framework",
				"${BUILT_PRODUCTS_DIR}/ObjectMapper/ObjectMapper.framework",
				"${BUILT_PRODUCTS_DIR}/Realm/Realm.framework",
				"${BUILT_PRODUCTS_DIR}/RealmSwift/RealmSwift.framework",
				"${BUILT_PRODUCTS_DIR}/Sharaku/Sharaku.framework",
				"${BUILT_PRODUCTS_DIR}/YouTubePlayer/YouTubePlayer.framework",
			);
			name = "[CP] Embed Pods Frameworks";
			outputPaths = (
				"${TARGET_BUILD_DIR}/${FRAMEWORKS_FOLDER_PATH}/Alamofire.framework",
				"${TARGET_BUILD_DIR}/${FRAMEWORKS_FOLDER_PATH}/AlamofireImage.framework",
				"${TARGET_BUILD_DIR}/${FRAMEWORKS_FOLDER_PATH}/AlamofireObjectMapper.framework",
				"${TARGET_BUILD_DIR}/${FRAMEWORKS_FOLDER_PATH}/AssociatedValues.framework",
				"${TARGET_BUILD_DIR}/${FRAMEWORKS_FOLDER_PATH}/Cloudinary.framework",
				"${TARGET_BUILD_DIR}/${FRAMEWORKS_FOLDER_PATH}/MXParallaxHeader.framework",
				"${TARGET_BUILD_DIR}/${FRAMEWORKS_FOLDER_PATH}/MaterialShowcase.framework",
				"${TARGET_BUILD_DIR}/${FRAMEWORKS_FOLDER_PATH}/ObjectMapper.framework",
				"${TARGET_BUILD_DIR}/${FRAMEWORKS_FOLDER_PATH}/Realm.framework",
				"${TARGET_BUILD_DIR}/${FRAMEWORKS_FOLDER_PATH}/RealmSwift.framework",
				"${TARGET_BUILD_DIR}/${FRAMEWORKS_FOLDER_PATH}/Sharaku.framework",
				"${TARGET_BUILD_DIR}/${FRAMEWORKS_FOLDER_PATH}/YouTubePlayer.framework",
			);
			runOnlyForDeploymentPostprocessing = 0;
			shellPath = /bin/sh;
			shellScript = "\"${SRCROOT}/Pods/Target Support Files/Pods-entunombre/Pods-entunombre-frameworks.sh\"\n";
			showEnvVarsInLog = 0;
		};
/* End PBXShellScriptBuildPhase section */

/* Begin PBXSourcesBuildPhase section */
		4B5822F01F7DC218005DDA03 /* Sources */ = {
			isa = PBXSourcesBuildPhase;
			buildActionMask = 2147483647;
			files = (
				4B5822FC1F7DC218005DDA03 /* SecondViewController.swift in Sources */,
				4BB1C1C61F96E73800906E21 /* Constants.swift in Sources */,
				4BEE81611F834C0F0056062B /* CustomUITapGesture.swift in Sources */,
				4B4F9A751F9827CF0046B289 /* VideoListCell.swift in Sources */,
				4B5823871F7DD632005DDA03 /* FSVideoCameraView.swift in Sources */,
				4B58237E1F7DD60F005DDA03 /* FSAlbumView.swift in Sources */,
				4B9DF4981F80A1EC00577A0F /* SplashViewController.swift in Sources */,
				4B5823831F7DD627005DDA03 /* FSCameraView.swift in Sources */,
				4BE6E2191F81B3A1005E1359 /* PictureListViewController.swift in Sources */,
				4BE6E2151F81AE61005E1359 /* BaseViewController.swift in Sources */,
				4B5823861F7DD630005DDA03 /* FSImageCropView.swift in Sources */,
				4B9DF49A1F80A28D00577A0F /* MainTabsViewController.swift in Sources */,
				4B5822F81F7DC218005DDA03 /* AppDelegate.swift in Sources */,
				4B5822FA1F7DC218005DDA03 /* MakePictureViewController.swift in Sources */,
				4B5823851F7DD62D005DDA03 /* FSConstants.swift in Sources */,
				4B4F9A771F9831240046B289 /* VideoPlayerViewController.swift in Sources */,
				4BE6E2231F81E808005E1359 /* ParallaxCustomHeader.swift in Sources */,
				4BE6E21B1F81CA00005E1359 /* PictureListCell.swift in Sources */,
				4B4F9A781F984F5C0046B289 /* LocalStorage.swift in Sources */,
				4B9DF49D1F80AB1C00577A0F /* FrameCellCollectionViewCell.swift in Sources */,
				4BB1C1C81F96ECD300906E21 /* YoutubeVideo.swift in Sources */,
				4B4F9A731F9826EE0046B289 /* VideoListViewController.swift in Sources */,
				4B5823811F7DD61F005DDA03 /* FSAlbumViewCell.swift in Sources */,
				4BEE81601F8339200056062B /* Picture.swift in Sources */,
				4BB23E471F7F488300F43598 /* Extensions.swift in Sources */,
				4B5823891F7DD638005DDA03 /* FusumaViewController.swift in Sources */,
				4BE6E2171F81B30B005E1359 /* BaseTabBarViewController.swift in Sources */,
			);
			runOnlyForDeploymentPostprocessing = 0;
		};
/* End PBXSourcesBuildPhase section */

/* Begin PBXVariantGroup section */
		4B5822FD1F7DC218005DDA03 /* Main.storyboard */ = {
			isa = PBXVariantGroup;
			children = (
				4B5822FE1F7DC218005DDA03 /* Base */,
			);
			name = Main.storyboard;
			sourceTree = "<group>";
		};
		4B5823021F7DC218005DDA03 /* LaunchScreen.storyboard */ = {
			isa = PBXVariantGroup;
			children = (
				4B5823031F7DC218005DDA03 /* Base */,
			);
			name = LaunchScreen.storyboard;
			sourceTree = "<group>";
		};
/* End PBXVariantGroup section */

/* Begin XCBuildConfiguration section */
		4B5823061F7DC218005DDA03 /* Debug */ = {
			isa = XCBuildConfiguration;
			buildSettings = {
				ALWAYS_SEARCH_USER_PATHS = NO;
				CLANG_ANALYZER_NONNULL = YES;
				CLANG_ANALYZER_NUMBER_OBJECT_CONVERSION = YES_AGGRESSIVE;
				CLANG_CXX_LANGUAGE_STANDARD = "gnu++14";
				CLANG_CXX_LIBRARY = "libc++";
				CLANG_ENABLE_MODULES = YES;
				CLANG_ENABLE_OBJC_ARC = YES;
				CLANG_WARN_BLOCK_CAPTURE_AUTORELEASING = YES;
				CLANG_WARN_BOOL_CONVERSION = YES;
				CLANG_WARN_COMMA = YES;
				CLANG_WARN_CONSTANT_CONVERSION = YES;
				CLANG_WARN_DIRECT_OBJC_ISA_USAGE = YES_ERROR;
				CLANG_WARN_DOCUMENTATION_COMMENTS = YES;
				CLANG_WARN_EMPTY_BODY = YES;
				CLANG_WARN_ENUM_CONVERSION = YES;
				CLANG_WARN_INFINITE_RECURSION = YES;
				CLANG_WARN_INT_CONVERSION = YES;
				CLANG_WARN_NON_LITERAL_NULL_CONVERSION = YES;
				CLANG_WARN_OBJC_LITERAL_CONVERSION = YES;
				CLANG_WARN_OBJC_ROOT_CLASS = YES_ERROR;
				CLANG_WARN_RANGE_LOOP_ANALYSIS = YES;
				CLANG_WARN_STRICT_PROTOTYPES = YES;
				CLANG_WARN_SUSPICIOUS_MOVE = YES;
				CLANG_WARN_UNGUARDED_AVAILABILITY = YES_AGGRESSIVE;
				CLANG_WARN_UNREACHABLE_CODE = YES;
				CLANG_WARN__DUPLICATE_METHOD_MATCH = YES;
				CODE_SIGN_IDENTITY = "iPhone Developer";
				COPY_PHASE_STRIP = NO;
				DEBUG_INFORMATION_FORMAT = dwarf;
				ENABLE_STRICT_OBJC_MSGSEND = YES;
				ENABLE_TESTABILITY = YES;
				"FRAMEWORK_SEARCH_PATHS[arch=*]" = (
					"$(SRCROOT)",
					"$(SRCROOT)/entunombre/Libraries",
				);
				GCC_C_LANGUAGE_STANDARD = gnu11;
				GCC_DYNAMIC_NO_PIC = NO;
				GCC_NO_COMMON_BLOCKS = YES;
				GCC_OPTIMIZATION_LEVEL = 0;
				GCC_PREPROCESSOR_DEFINITIONS = (
					"DEBUG=1",
					"$(inherited)",
				);
				GCC_WARN_64_TO_32_BIT_CONVERSION = YES;
				GCC_WARN_ABOUT_RETURN_TYPE = YES_ERROR;
				GCC_WARN_UNDECLARED_SELECTOR = YES;
				GCC_WARN_UNINITIALIZED_AUTOS = YES_AGGRESSIVE;
				GCC_WARN_UNUSED_FUNCTION = YES;
				GCC_WARN_UNUSED_VARIABLE = YES;
				IPHONEOS_DEPLOYMENT_TARGET = 11.0;
				MTL_ENABLE_DEBUG_INFO = YES;
				ONLY_ACTIVE_ARCH = YES;
				SDKROOT = iphoneos;
				SWIFT_ACTIVE_COMPILATION_CONDITIONS = DEBUG;
				SWIFT_OPTIMIZATION_LEVEL = "-Onone";
				SWIFT_VERSION = 4.0;
			};
			name = Debug;
		};
		4B5823071F7DC218005DDA03 /* Release */ = {
			isa = XCBuildConfiguration;
			buildSettings = {
				ALWAYS_SEARCH_USER_PATHS = NO;
				CLANG_ANALYZER_NONNULL = YES;
				CLANG_ANALYZER_NUMBER_OBJECT_CONVERSION = YES_AGGRESSIVE;
				CLANG_CXX_LANGUAGE_STANDARD = "gnu++14";
				CLANG_CXX_LIBRARY = "libc++";
				CLANG_ENABLE_MODULES = YES;
				CLANG_ENABLE_OBJC_ARC = YES;
				CLANG_WARN_BLOCK_CAPTURE_AUTORELEASING = YES;
				CLANG_WARN_BOOL_CONVERSION = YES;
				CLANG_WARN_COMMA = YES;
				CLANG_WARN_CONSTANT_CONVERSION = YES;
				CLANG_WARN_DIRECT_OBJC_ISA_USAGE = YES_ERROR;
				CLANG_WARN_DOCUMENTATION_COMMENTS = YES;
				CLANG_WARN_EMPTY_BODY = YES;
				CLANG_WARN_ENUM_CONVERSION = YES;
				CLANG_WARN_INFINITE_RECURSION = YES;
				CLANG_WARN_INT_CONVERSION = YES;
				CLANG_WARN_NON_LITERAL_NULL_CONVERSION = YES;
				CLANG_WARN_OBJC_LITERAL_CONVERSION = YES;
				CLANG_WARN_OBJC_ROOT_CLASS = YES_ERROR;
				CLANG_WARN_RANGE_LOOP_ANALYSIS = YES;
				CLANG_WARN_STRICT_PROTOTYPES = YES;
				CLANG_WARN_SUSPICIOUS_MOVE = YES;
				CLANG_WARN_UNGUARDED_AVAILABILITY = YES_AGGRESSIVE;
				CLANG_WARN_UNREACHABLE_CODE = YES;
				CLANG_WARN__DUPLICATE_METHOD_MATCH = YES;
				CODE_SIGN_IDENTITY = "iPhone Developer";
				COPY_PHASE_STRIP = NO;
				DEBUG_INFORMATION_FORMAT = "dwarf-with-dsym";
				ENABLE_NS_ASSERTIONS = NO;
				ENABLE_STRICT_OBJC_MSGSEND = YES;
				"FRAMEWORK_SEARCH_PATHS[arch=*]" = (
					"$(SRCROOT)",
					"$(SRCROOT)/entunombre/Libraries",
				);
				GCC_C_LANGUAGE_STANDARD = gnu11;
				GCC_NO_COMMON_BLOCKS = YES;
				GCC_WARN_64_TO_32_BIT_CONVERSION = YES;
				GCC_WARN_ABOUT_RETURN_TYPE = YES_ERROR;
				GCC_WARN_UNDECLARED_SELECTOR = YES;
				GCC_WARN_UNINITIALIZED_AUTOS = YES_AGGRESSIVE;
				GCC_WARN_UNUSED_FUNCTION = YES;
				GCC_WARN_UNUSED_VARIABLE = YES;
				IPHONEOS_DEPLOYMENT_TARGET = 11.0;
				MTL_ENABLE_DEBUG_INFO = NO;
				SDKROOT = iphoneos;
				SWIFT_OPTIMIZATION_LEVEL = "-Owholemodule";
				SWIFT_VERSION = 4.0;
				VALIDATE_PRODUCT = YES;
			};
			name = Release;
		};
		4B5823091F7DC218005DDA03 /* Debug */ = {
			isa = XCBuildConfiguration;
			baseConfigurationReference = 92AC654C7295781773F6CD49 /* Pods-entunombre.debug.xcconfig */;
			buildSettings = {
				ASSETCATALOG_COMPILER_APPICON_NAME = AppIcon;
				"CODE_SIGN_IDENTITY[sdk=iphoneos*]" = "iPhone Developer";
				CODE_SIGN_STYLE = Manual;
				DEVELOPMENT_TEAM = Y65TQ72XYL;
				FRAMEWORK_SEARCH_PATHS = "$(inherited)";
				INFOPLIST_FILE = entunombre/Info.plist;
				IPHONEOS_DEPLOYMENT_TARGET = 10.3;
				LD_RUNPATH_SEARCH_PATHS = "$(inherited) @executable_path/Frameworks $(SRCROOT)";
				ONLY_ACTIVE_ARCH = NO;
				PRODUCT_BUNDLE_IDENTIFIER = com.dulcerefugiord.entunombre;
				PRODUCT_NAME = "$(TARGET_NAME)";
				PROVISIONING_PROFILE = "3280ca57-6f6f-4ce4-a3c8-40c42ee7e073";
				PROVISIONING_PROFILE_SPECIFIER = "etnapp-devel";
				SWIFT_VERSION = 4.0;
				TARGETED_DEVICE_FAMILY = 1;
			};
			name = Debug;
		};
		4B58230A1F7DC218005DDA03 /* Release */ = {
			isa = XCBuildConfiguration;
			baseConfigurationReference = DFAAA26F6F9448F943090070 /* Pods-entunombre.release.xcconfig */;
			buildSettings = {
				ASSETCATALOG_COMPILER_APPICON_NAME = AppIcon;
				"CODE_SIGN_IDENTITY[sdk=iphoneos*]" = "iPhone Distribution";
				CODE_SIGN_STYLE = Manual;
				DEVELOPMENT_TEAM = Y65TQ72XYL;
				FRAMEWORK_SEARCH_PATHS = "$(inherited)";
				INFOPLIST_FILE = entunombre/Info.plist;
				IPHONEOS_DEPLOYMENT_TARGET = 10.3;
				LD_RUNPATH_SEARCH_PATHS = "$(inherited) @executable_path/Frameworks $(SRCROOT)";
				ONLY_ACTIVE_ARCH = NO;
				PRODUCT_BUNDLE_IDENTIFIER = com.dulcerefugiord.entunombre;
				PRODUCT_NAME = "$(TARGET_NAME)";
				PROVISIONING_PROFILE = "46d78f18-6b1e-4db2-abf7-f97901bd92d5";
				PROVISIONING_PROFILE_SPECIFIER = "etnapp-prod";
				SWIFT_VERSION = 4.0;
				TARGETED_DEVICE_FAMILY = 1;
			};
			name = Release;
		};
/* End XCBuildConfiguration section */

/* Begin XCConfigurationList section */
		4B5822EF1F7DC218005DDA03 /* Build configuration list for PBXProject "entunombre" */ = {
			isa = XCConfigurationList;
			buildConfigurations = (
				4B5823061F7DC218005DDA03 /* Debug */,
				4B5823071F7DC218005DDA03 /* Release */,
			);
			defaultConfigurationIsVisible = 0;
			defaultConfigurationName = Release;
		};
		4B5823081F7DC218005DDA03 /* Build configuration list for PBXNativeTarget "entunombre" */ = {
			isa = XCConfigurationList;
			buildConfigurations = (
				4B5823091F7DC218005DDA03 /* Debug */,
				4B58230A1F7DC218005DDA03 /* Release */,
			);
			defaultConfigurationIsVisible = 0;
			defaultConfigurationName = Release;
		};
/* End XCConfigurationList section */
	};
	rootObject = 4B5822EC1F7DC218005DDA03 /* Project object */;
}
